// !$*UTF8*$!
{
	archiveVersion = 1;
	classes = {
	};
	objectVersion = 55;
	objects = {

/* Begin PBXBuildFile section */
		6BECC6BB287892EB00385497 /* MemesWalletApp.swift in Sources */ = {isa = PBXBuildFile; fileRef = 6BECC6BA287892EB00385497 /* MemesWalletApp.swift */; };
		6BECC6BD287892EB00385497 /* ContentView.swift in Sources */ = {isa = PBXBuildFile; fileRef = 6BECC6BC287892EB00385497 /* ContentView.swift */; };
		6BECC6BF287892EC00385497 /* Assets.xcassets in Resources */ = {isa = PBXBuildFile; fileRef = 6BECC6BE287892EC00385497 /* Assets.xcassets */; };
		6BECC6C2287892EC00385497 /* Preview Assets.xcassets in Resources */ = {isa = PBXBuildFile; fileRef = 6BECC6C1287892EC00385497 /* Preview Assets.xcassets */; };
		6BECC6CC287892EC00385497 /* MemesWalletTests.swift in Sources */ = {isa = PBXBuildFile; fileRef = 6BECC6CB287892EC00385497 /* MemesWalletTests.swift */; };
		6BECC6D6287892EC00385497 /* MemesWalletUITests.swift in Sources */ = {isa = PBXBuildFile; fileRef = 6BECC6D5287892EC00385497 /* MemesWalletUITests.swift */; };
		6BECC6D8287892EC00385497 /* MemesWalletUITestsLaunchTests.swift in Sources */ = {isa = PBXBuildFile; fileRef = 6BECC6D7287892EC00385497 /* MemesWalletUITestsLaunchTests.swift */; };
/* End PBXBuildFile section */

/* Begin PBXContainerItemProxy section */
		6BECC6C8287892EC00385497 /* PBXContainerItemProxy */ = {
			isa = PBXContainerItemProxy;
			containerPortal = 6BECC6AF287892EB00385497 /* Project object */;
			proxyType = 1;
			remoteGlobalIDString = 6BECC6B6287892EB00385497;
			remoteInfo = MemesWallet;
		};
		6BECC6D2287892EC00385497 /* PBXContainerItemProxy */ = {
			isa = PBXContainerItemProxy;
			containerPortal = 6BECC6AF287892EB00385497 /* Project object */;
			proxyType = 1;
			remoteGlobalIDString = 6BECC6B6287892EB00385497;
			remoteInfo = MemesWallet;
		};
/* End PBXContainerItemProxy section */

/* Begin PBXFileReference section */
		6BECC6B7287892EB00385497 /* MemesWallet.app */ = {isa = PBXFileReference; explicitFileType = wrapper.application; includeInIndex = 0; path = MemesWallet.app; sourceTree = BUILT_PRODUCTS_DIR; };
		6BECC6BA287892EB00385497 /* MemesWalletApp.swift */ = {isa = PBXFileReference; lastKnownFileType = sourcecode.swift; path = MemesWalletApp.swift; sourceTree = "<group>"; };
		6BECC6BC287892EB00385497 /* ContentView.swift */ = {isa = PBXFileReference; lastKnownFileType = sourcecode.swift; path = ContentView.swift; sourceTree = "<group>"; };
		6BECC6BE287892EC00385497 /* Assets.xcassets */ = {isa = PBXFileReference; lastKnownFileType = folder.assetcatalog; path = Assets.xcassets; sourceTree = "<group>"; };
		6BECC6C1287892EC00385497 /* Preview Assets.xcassets */ = {isa = PBXFileReference; lastKnownFileType = folder.assetcatalog; path = "Preview Assets.xcassets"; sourceTree = "<group>"; };
		6BECC6C7287892EC00385497 /* MemesWalletTests.xctest */ = {isa = PBXFileReference; explicitFileType = wrapper.cfbundle; includeInIndex = 0; path = MemesWalletTests.xctest; sourceTree = BUILT_PRODUCTS_DIR; };
		6BECC6CB287892EC00385497 /* MemesWalletTests.swift */ = {isa = PBXFileReference; lastKnownFileType = sourcecode.swift; path = MemesWalletTests.swift; sourceTree = "<group>"; };
		6BECC6D1287892EC00385497 /* MemesWalletUITests.xctest */ = {isa = PBXFileReference; explicitFileType = wrapper.cfbundle; includeInIndex = 0; path = MemesWalletUITests.xctest; sourceTree = BUILT_PRODUCTS_DIR; };
		6BECC6D5287892EC00385497 /* MemesWalletUITests.swift */ = {isa = PBXFileReference; lastKnownFileType = sourcecode.swift; path = MemesWalletUITests.swift; sourceTree = "<group>"; };
		6BECC6D7287892EC00385497 /* MemesWalletUITestsLaunchTests.swift */ = {isa = PBXFileReference; lastKnownFileType = sourcecode.swift; path = MemesWalletUITestsLaunchTests.swift; sourceTree = "<group>"; };
/* End PBXFileReference section */

/* Begin PBXFrameworksBuildPhase section */
		6BECC6B4287892EB00385497 /* Frameworks */ = {
			isa = PBXFrameworksBuildPhase;
			buildActionMask = 2147483647;
			files = (
			);
			runOnlyForDeploymentPostprocessing = 0;
		};
		6BECC6C4287892EC00385497 /* Frameworks */ = {
			isa = PBXFrameworksBuildPhase;
			buildActionMask = 2147483647;
			files = (
			);
			runOnlyForDeploymentPostprocessing = 0;
		};
		6BECC6CE287892EC00385497 /* Frameworks */ = {
			isa = PBXFrameworksBuildPhase;
			buildActionMask = 2147483647;
			files = (
			);
			runOnlyForDeploymentPostprocessing = 0;
		};
/* End PBXFrameworksBuildPhase section */

/* Begin PBXGroup section */
		6BECC6AE287892EB00385497 = {
			isa = PBXGroup;
			children = (
				6BECC6B9287892EB00385497 /* MemesWallet */,
				6BECC6CA287892EC00385497 /* MemesWalletTests */,
				6BECC6D4287892EC00385497 /* MemesWalletUITests */,
				6BECC6B8287892EB00385497 /* Products */,
			);
			sourceTree = "<group>";
		};
		6BECC6B8287892EB00385497 /* Products */ = {
			isa = PBXGroup;
			children = (
				6BECC6B7287892EB00385497 /* MemesWallet.app */,
				6BECC6C7287892EC00385497 /* MemesWalletTests.xctest */,
				6BECC6D1287892EC00385497 /* MemesWalletUITests.xctest */,
			);
			name = Products;
			sourceTree = "<group>";
		};
		6BECC6B9287892EB00385497 /* MemesWallet */ = {
			isa = PBXGroup;
			children = (
				6BECC6BA287892EB00385497 /* MemesWalletApp.swift */,
				6BECC6BC287892EB00385497 /* ContentView.swift */,
				6BECC6BE287892EC00385497 /* Assets.xcassets */,
				6BECC6C0287892EC00385497 /* Preview Content */,
			);
			path = MemesWallet;
			sourceTree = "<group>";
		};
		6BECC6C0287892EC00385497 /* Preview Content */ = {
			isa = PBXGroup;
			children = (
				6BECC6C1287892EC00385497 /* Preview Assets.xcassets */,
			);
			path = "Preview Content";
			sourceTree = "<group>";
		};
		6BECC6CA287892EC00385497 /* MemesWalletTests */ = {
			isa = PBXGroup;
			children = (
				6BECC6CB287892EC00385497 /* MemesWalletTests.swift */,
			);
			path = MemesWalletTests;
			sourceTree = "<group>";
		};
		6BECC6D4287892EC00385497 /* MemesWalletUITests */ = {
			isa = PBXGroup;
			children = (
				6BECC6D5287892EC00385497 /* MemesWalletUITests.swift */,
				6BECC6D7287892EC00385497 /* MemesWalletUITestsLaunchTests.swift */,
			);
			path = MemesWalletUITests;
			sourceTree = "<group>";
		};
/* End PBXGroup section */

/* Begin PBXNativeTarget section */
		6BECC6B6287892EB00385497 /* MemesWallet */ = {
			isa = PBXNativeTarget;
			buildConfigurationList = 6BECC6DB287892EC00385497 /* Build configuration list for PBXNativeTarget "MemesWallet" */;
			buildPhases = (
				6BECC6B3287892EB00385497 /* Sources */,
				6BECC6B4287892EB00385497 /* Frameworks */,
				6BECC6B5287892EB00385497 /* Resources */,
			);
			buildRules = (
			);
			dependencies = (
			);
			name = MemesWallet;
			productName = MemesWallet;
			productReference = 6BECC6B7287892EB00385497 /* MemesWallet.app */;
			productType = "com.apple.product-type.application";
		};
		6BECC6C6287892EC00385497 /* MemesWalletTests */ = {
			isa = PBXNativeTarget;
			buildConfigurationList = 6BECC6DE287892EC00385497 /* Build configuration list for PBXNativeTarget "MemesWalletTests" */;
			buildPhases = (
				6BECC6C3287892EC00385497 /* Sources */,
				6BECC6C4287892EC00385497 /* Frameworks */,
				6BECC6C5287892EC00385497 /* Resources */,
			);
			buildRules = (
			);
			dependencies = (
				6BECC6C9287892EC00385497 /* PBXTargetDependency */,
			);
			name = MemesWalletTests;
			productName = MemesWalletTests;
			productReference = 6BECC6C7287892EC00385497 /* MemesWalletTests.xctest */;
			productType = "com.apple.product-type.bundle.unit-test";
		};
		6BECC6D0287892EC00385497 /* MemesWalletUITests */ = {
			isa = PBXNativeTarget;
			buildConfigurationList = 6BECC6E1287892EC00385497 /* Build configuration list for PBXNativeTarget "MemesWalletUITests" */;
			buildPhases = (
				6BECC6CD287892EC00385497 /* Sources */,
				6BECC6CE287892EC00385497 /* Frameworks */,
				6BECC6CF287892EC00385497 /* Resources */,
			);
			buildRules = (
			);
			dependencies = (
				6BECC6D3287892EC00385497 /* PBXTargetDependency */,
			);
			name = MemesWalletUITests;
			productName = MemesWalletUITests;
			productReference = 6BECC6D1287892EC00385497 /* MemesWalletUITests.xctest */;
			productType = "com.apple.product-type.bundle.ui-testing";
		};
/* End PBXNativeTarget section */

/* Begin PBXProject section */
		6BECC6AF287892EB00385497 /* Project object */ = {
			isa = PBXProject;
			attributes = {
				BuildIndependentTargetsInParallel = 1;
				LastSwiftUpdateCheck = 1340;
				LastUpgradeCheck = 1340;
				TargetAttributes = {
					6BECC6B6287892EB00385497 = {
						CreatedOnToolsVersion = 13.4.1;
					};
					6BECC6C6287892EC00385497 = {
						CreatedOnToolsVersion = 13.4.1;
						TestTargetID = 6BECC6B6287892EB00385497;
					};
					6BECC6D0287892EC00385497 = {
						CreatedOnToolsVersion = 13.4.1;
						TestTargetID = 6BECC6B6287892EB00385497;
					};
				};
			};
			buildConfigurationList = 6BECC6B2287892EB00385497 /* Build configuration list for PBXProject "MemesWallet" */;
			compatibilityVersion = "Xcode 13.0";
			developmentRegion = en;
			hasScannedForEncodings = 0;
			knownRegions = (
				en,
				Base,
			);
			mainGroup = 6BECC6AE287892EB00385497;
			productRefGroup = 6BECC6B8287892EB00385497 /* Products */;
			projectDirPath = "";
			projectRoot = "";
			targets = (
				6BECC6B6287892EB00385497 /* MemesWallet */,
				6BECC6C6287892EC00385497 /* MemesWalletTests */,
				6BECC6D0287892EC00385497 /* MemesWalletUITests */,
			);
		};
/* End PBXProject section */

/* Begin PBXResourcesBuildPhase section */
		6BECC6B5287892EB00385497 /* Resources */ = {
			isa = PBXResourcesBuildPhase;
			buildActionMask = 2147483647;
			files = (
				6BECC6C2287892EC00385497 /* Preview Assets.xcassets in Resources */,
				6BECC6BF287892EC00385497 /* Assets.xcassets in Resources */,
			);
			runOnlyForDeploymentPostprocessing = 0;
		};
		6BECC6C5287892EC00385497 /* Resources */ = {
			isa = PBXResourcesBuildPhase;
			buildActionMask = 2147483647;
			files = (
			);
			runOnlyForDeploymentPostprocessing = 0;
		};
		6BECC6CF287892EC00385497 /* Resources */ = {
			isa = PBXResourcesBuildPhase;
			buildActionMask = 2147483647;
			files = (
			);
			runOnlyForDeploymentPostprocessing = 0;
		};
/* End PBXResourcesBuildPhase section */

/* Begin PBXSourcesBuildPhase section */
		6BECC6B3287892EB00385497 /* Sources */ = {
			isa = PBXSourcesBuildPhase;
			buildActionMask = 2147483647;
			files = (
				6BECC6BD287892EB00385497 /* ContentView.swift in Sources */,
				6BECC6BB287892EB00385497 /* MemesWalletApp.swift in Sources */,
			);
			runOnlyForDeploymentPostprocessing = 0;
		};
		6BECC6C3287892EC00385497 /* Sources */ = {
			isa = PBXSourcesBuildPhase;
			buildActionMask = 2147483647;
			files = (
				6BECC6CC287892EC00385497 /* MemesWalletTests.swift in Sources */,
			);
			runOnlyForDeploymentPostprocessing = 0;
		};
		6BECC6CD287892EC00385497 /* Sources */ = {
			isa = PBXSourcesBuildPhase;
			buildActionMask = 2147483647;
			files = (
				6BECC6D6287892EC00385497 /* MemesWalletUITests.swift in Sources */,
				6BECC6D8287892EC00385497 /* MemesWalletUITestsLaunchTests.swift in Sources */,
			);
			runOnlyForDeploymentPostprocessing = 0;
		};
/* End PBXSourcesBuildPhase section */

/* Begin PBXTargetDependency section */
		6BECC6C9287892EC00385497 /* PBXTargetDependency */ = {
			isa = PBXTargetDependency;
			target = 6BECC6B6287892EB00385497 /* MemesWallet */;
			targetProxy = 6BECC6C8287892EC00385497 /* PBXContainerItemProxy */;
		};
		6BECC6D3287892EC00385497 /* PBXTargetDependency */ = {
			isa = PBXTargetDependency;
			target = 6BECC6B6287892EB00385497 /* MemesWallet */;
			targetProxy = 6BECC6D2287892EC00385497 /* PBXContainerItemProxy */;
		};
/* End PBXTargetDependency section */

/* Begin XCBuildConfiguration section */
		6BECC6D9287892EC00385497 /* Debug */ = {
			isa = XCBuildConfiguration;
			buildSettings = {
				ALWAYS_SEARCH_USER_PATHS = NO;
				CLANG_ANALYZER_NONNULL = YES;
				CLANG_ANALYZER_NUMBER_OBJECT_CONVERSION = YES_AGGRESSIVE;
				CLANG_CXX_LANGUAGE_STANDARD = "gnu++17";
				CLANG_ENABLE_MODULES = YES;
				CLANG_ENABLE_OBJC_ARC = YES;
				CLANG_ENABLE_OBJC_WEAK = YES;
				CLANG_WARN_BLOCK_CAPTURE_AUTORELEASING = YES;
				CLANG_WARN_BOOL_CONVERSION = YES;
				CLANG_WARN_COMMA = YES;
				CLANG_WARN_CONSTANT_CONVERSION = YES;
				CLANG_WARN_DEPRECATED_OBJC_IMPLEMENTATIONS = YES;
				CLANG_WARN_DIRECT_OBJC_ISA_USAGE = YES_ERROR;
				CLANG_WARN_DOCUMENTATION_COMMENTS = YES;
				CLANG_WARN_EMPTY_BODY = YES;
				CLANG_WARN_ENUM_CONVERSION = YES;
				CLANG_WARN_INFINITE_RECURSION = YES;
				CLANG_WARN_INT_CONVERSION = YES;
				CLANG_WARN_NON_LITERAL_NULL_CONVERSION = YES;
				CLANG_WARN_OBJC_IMPLICIT_RETAIN_SELF = YES;
				CLANG_WARN_OBJC_LITERAL_CONVERSION = YES;
				CLANG_WARN_OBJC_ROOT_CLASS = YES_ERROR;
				CLANG_WARN_QUOTED_INCLUDE_IN_FRAMEWORK_HEADER = YES;
				CLANG_WARN_RANGE_LOOP_ANALYSIS = YES;
				CLANG_WARN_STRICT_PROTOTYPES = YES;
				CLANG_WARN_SUSPICIOUS_MOVE = YES;
				CLANG_WARN_UNGUARDED_AVAILABILITY = YES_AGGRESSIVE;
				CLANG_WARN_UNREACHABLE_CODE = YES;
				CLANG_WARN__DUPLICATE_METHOD_MATCH = YES;
				COPY_PHASE_STRIP = NO;
				DEBUG_INFORMATION_FORMAT = dwarf;
				ENABLE_STRICT_OBJC_MSGSEND = YES;
				ENABLE_TESTABILITY = YES;
				GCC_C_LANGUAGE_STANDARD = gnu11;
				GCC_DYNAMIC_NO_PIC = NO;
				GCC_NO_COMMON_BLOCKS = YES;
				GCC_OPTIMIZATION_LEVEL = 0;
				GCC_PREPROCESSOR_DEFINITIONS = (
					"DEBUG=1",
					"$(inherited)",
				);
				GCC_WARN_64_TO_32_BIT_CONVERSION = YES;
				GCC_WARN_ABOUT_RETURN_TYPE = YES_ERROR;
				GCC_WARN_UNDECLARED_SELECTOR = YES;
				GCC_WARN_UNINITIALIZED_AUTOS = YES_AGGRESSIVE;
				GCC_WARN_UNUSED_FUNCTION = YES;
				GCC_WARN_UNUSED_VARIABLE = YES;
				IPHONEOS_DEPLOYMENT_TARGET = 15.5;
				MTL_ENABLE_DEBUG_INFO = INCLUDE_SOURCE;
				MTL_FAST_MATH = YES;
				ONLY_ACTIVE_ARCH = YES;
				SDKROOT = iphoneos;
				SWIFT_ACTIVE_COMPILATION_CONDITIONS = DEBUG;
				SWIFT_OPTIMIZATION_LEVEL = "-Onone";
			};
			name = Debug;
		};
		6BECC6DA287892EC00385497 /* Release */ = {
			isa = XCBuildConfiguration;
			buildSettings = {
				ALWAYS_SEARCH_USER_PATHS = NO;
				CLANG_ANALYZER_NONNULL = YES;
				CLANG_ANALYZER_NUMBER_OBJECT_CONVERSION = YES_AGGRESSIVE;
				CLANG_CXX_LANGUAGE_STANDARD = "gnu++17";
				CLANG_ENABLE_MODULES = YES;
				CLANG_ENABLE_OBJC_ARC = YES;
				CLANG_ENABLE_OBJC_WEAK = YES;
				CLANG_WARN_BLOCK_CAPTURE_AUTORELEASING = YES;
				CLANG_WARN_BOOL_CONVERSION = YES;
				CLANG_WARN_COMMA = YES;
				CLANG_WARN_CONSTANT_CONVERSION = YES;
				CLANG_WARN_DEPRECATED_OBJC_IMPLEMENTATIONS = YES;
				CLANG_WARN_DIRECT_OBJC_ISA_USAGE = YES_ERROR;
				CLANG_WARN_DOCUMENTATION_COMMENTS = YES;
				CLANG_WARN_EMPTY_BODY = YES;
				CLANG_WARN_ENUM_CONVERSION = YES;
				CLANG_WARN_INFINITE_RECURSION = YES;
				CLANG_WARN_INT_CONVERSION = YES;
				CLANG_WARN_NON_LITERAL_NULL_CONVERSION = YES;
				CLANG_WARN_OBJC_IMPLICIT_RETAIN_SELF = YES;
				CLANG_WARN_OBJC_LITERAL_CONVERSION = YES;
				CLANG_WARN_OBJC_ROOT_CLASS = YES_ERROR;
				CLANG_WARN_QUOTED_INCLUDE_IN_FRAMEWORK_HEADER = YES;
				CLANG_WARN_RANGE_LOOP_ANALYSIS = YES;
				CLANG_WARN_STRICT_PROTOTYPES = YES;
				CLANG_WARN_SUSPICIOUS_MOVE = YES;
				CLANG_WARN_UNGUARDED_AVAILABILITY = YES_AGGRESSIVE;
				CLANG_WARN_UNREACHABLE_CODE = YES;
				CLANG_WARN__DUPLICATE_METHOD_MATCH = YES;
				COPY_PHASE_STRIP = NO;
				DEBUG_INFORMATION_FORMAT = "dwarf-with-dsym";
				ENABLE_NS_ASSERTIONS = NO;
				ENABLE_STRICT_OBJC_MSGSEND = YES;
				GCC_C_LANGUAGE_STANDARD = gnu11;
				GCC_NO_COMMON_BLOCKS = YES;
				GCC_WARN_64_TO_32_BIT_CONVERSION = YES;
				GCC_WARN_ABOUT_RETURN_TYPE = YES_ERROR;
				GCC_WARN_UNDECLARED_SELECTOR = YES;
				GCC_WARN_UNINITIALIZED_AUTOS = YES_AGGRESSIVE;
				GCC_WARN_UNUSED_FUNCTION = YES;
				GCC_WARN_UNUSED_VARIABLE = YES;
				IPHONEOS_DEPLOYMENT_TARGET = 15.5;
				MTL_ENABLE_DEBUG_INFO = NO;
				MTL_FAST_MATH = YES;
				SDKROOT = iphoneos;
				SWIFT_COMPILATION_MODE = wholemodule;
				SWIFT_OPTIMIZATION_LEVEL = "-O";
				VALIDATE_PRODUCT = YES;
			};
			name = Release;
		};
		6BECC6DC287892EC00385497 /* Debug */ = {
			isa = XCBuildConfiguration;
			buildSettings = {
				ASSETCATALOG_COMPILER_APPICON_NAME = AppIcon;
				ASSETCATALOG_COMPILER_GLOBAL_ACCENT_COLOR_NAME = AccentColor;
				CODE_SIGN_STYLE = Automatic;
				CURRENT_PROJECT_VERSION = 1;
				DEVELOPMENT_ASSET_PATHS = "\"MemesWallet/Preview Content\"";
				ENABLE_PREVIEWS = YES;
				GENERATE_INFOPLIST_FILE = YES;
				INFOPLIST_KEY_UIApplicationSceneManifest_Generation = YES;
				INFOPLIST_KEY_UIApplicationSupportsIndirectInputEvents = YES;
				INFOPLIST_KEY_UILaunchScreen_Generation = YES;
				INFOPLIST_KEY_UISupportedInterfaceOrientations_iPad = "UIInterfaceOrientationPortrait UIInterfaceOrientationPortraitUpsideDown UIInterfaceOrientationLandscapeLeft UIInterfaceOrientationLandscapeRight";
				INFOPLIST_KEY_UISupportedInterfaceOrientations_iPhone = "UIInterfaceOrientationPortrait UIInterfaceOrientationLandscapeLeft UIInterfaceOrientationLandscapeRight";
				LD_RUNPATH_SEARCH_PATHS = (
					"$(inherited)",
					"@executable_path/Frameworks",
				);
				MARKETING_VERSION = 1.0;
				PRODUCT_BUNDLE_IDENTIFIER = spyrosskordos.MemesWallet;
				PRODUCT_NAME = "$(TARGET_NAME)";
				SWIFT_EMIT_LOC_STRINGS = YES;
				SWIFT_VERSION = 5.0;
				TARGETED_DEVICE_FAMILY = "1,2";
			};
			name = Debug;
		};
		6BECC6DD287892EC00385497 /* Release */ = {
			isa = XCBuildConfiguration;
			buildSettings = {
				ASSETCATALOG_COMPILER_APPICON_NAME = AppIcon;
				ASSETCATALOG_COMPILER_GLOBAL_ACCENT_COLOR_NAME = AccentColor;
				CODE_SIGN_STYLE = Automatic;
				CURRENT_PROJECT_VERSION = 1;
				DEVELOPMENT_ASSET_PATHS = "\"MemesWallet/Preview Content\"";
				ENABLE_PREVIEWS = YES;
				GENERATE_INFOPLIST_FILE = YES;
				INFOPLIST_KEY_UIApplicationSceneManifest_Generation = YES;
				INFOPLIST_KEY_UIApplicationSupportsIndirectInputEvents = YES;
				INFOPLIST_KEY_UILaunchScreen_Generation = YES;
				INFOPLIST_KEY_UISupportedInterfaceOrientations_iPad = "UIInterfaceOrientationPortrait UIInterfaceOrientationPortraitUpsideDown UIInterfaceOrientationLandscapeLeft UIInterfaceOrientationLandscapeRight";
				INFOPLIST_KEY_UISupportedInterfaceOrientations_iPhone = "UIInterfaceOrientationPortrait UIInterfaceOrientationLandscapeLeft UIInterfaceOrientationLandscapeRight";
				LD_RUNPATH_SEARCH_PATHS = (
					"$(inherited)",
					"@executable_path/Frameworks",
				);
				MARKETING_VERSION = 1.0;
				PRODUCT_BUNDLE_IDENTIFIER = spyrosskordos.MemesWallet;
				PRODUCT_NAME = "$(TARGET_NAME)";
				SWIFT_EMIT_LOC_STRINGS = YES;
				SWIFT_VERSION = 5.0;
				TARGETED_DEVICE_FAMILY = "1,2";
			};
			name = Release;
		};
		6BECC6DF287892EC00385497 /* Debug */ = {
			isa = XCBuildConfiguration;
			buildSettings = {
				ALWAYS_EMBED_SWIFT_STANDARD_LIBRARIES = YES;
				BUNDLE_LOADER = "$(TEST_HOST)";
				CODE_SIGN_STYLE = Automatic;
				CURRENT_PROJECT_VERSION = 1;
				GENERATE_INFOPLIST_FILE = YES;
				IPHONEOS_DEPLOYMENT_TARGET = 15.5;
				MARKETING_VERSION = 1.0;
				PRODUCT_BUNDLE_IDENTIFIER = spyrosskordos.MemesWalletTests;
				PRODUCT_NAME = "$(TARGET_NAME)";
				SWIFT_EMIT_LOC_STRINGS = NO;
				SWIFT_VERSION = 5.0;
				TARGETED_DEVICE_FAMILY = "1,2";
				TEST_HOST = "$(BUILT_PRODUCTS_DIR)/MemesWallet.app/MemesWallet";
			};
			name = Debug;
		};
		6BECC6E0287892EC00385497 /* Release */ = {
			isa = XCBuildConfiguration;
			buildSettings = {
				ALWAYS_EMBED_SWIFT_STANDARD_LIBRARIES = YES;
				BUNDLE_LOADER = "$(TEST_HOST)";
				CODE_SIGN_STYLE = Automatic;
				CURRENT_PROJECT_VERSION = 1;
				GENERATE_INFOPLIST_FILE = YES;
				IPHONEOS_DEPLOYMENT_TARGET = 15.5;
				MARKETING_VERSION = 1.0;
				PRODUCT_BUNDLE_IDENTIFIER = spyrosskordos.MemesWalletTests;
				PRODUCT_NAME = "$(TARGET_NAME)";
				SWIFT_EMIT_LOC_STRINGS = NO;
				SWIFT_VERSION = 5.0;
				TARGETED_DEVICE_FAMILY = "1,2";
				TEST_HOST = "$(BUILT_PRODUCTS_DIR)/MemesWallet.app/MemesWallet";
			};
			name = Release;
		};
		6BECC6E2287892EC00385497 /* Debug */ = {
			isa = XCBuildConfiguration;
			buildSettings = {
				ALWAYS_EMBED_SWIFT_STANDARD_LIBRARIES = YES;
				CODE_SIGN_STYLE = Automatic;
				CURRENT_PROJECT_VERSION = 1;
				GENERATE_INFOPLIST_FILE = YES;
				MARKETING_VERSION = 1.0;
				PRODUCT_BUNDLE_IDENTIFIER = spyrosskordos.MemesWalletUITests;
				PRODUCT_NAME = "$(TARGET_NAME)";
				SWIFT_EMIT_LOC_STRINGS = NO;
				SWIFT_VERSION = 5.0;
				TARGETED_DEVICE_FAMILY = "1,2";
				TEST_TARGET_NAME = MemesWallet;
			};
			name = Debug;
		};
		6BECC6E3287892EC00385497 /* Release */ = {
			isa = XCBuildConfiguration;
			buildSettings = {
				ALWAYS_EMBED_SWIFT_STANDARD_LIBRARIES = YES;
				CODE_SIGN_STYLE = Automatic;
				CURRENT_PROJECT_VERSION = 1;
				GENERATE_INFOPLIST_FILE = YES;
				MARKETING_VERSION = 1.0;
				PRODUCT_BUNDLE_IDENTIFIER = spyrosskordos.MemesWalletUITests;
				PRODUCT_NAME = "$(TARGET_NAME)";
				SWIFT_EMIT_LOC_STRINGS = NO;
				SWIFT_VERSION = 5.0;
				TARGETED_DEVICE_FAMILY = "1,2";
				TEST_TARGET_NAME = MemesWallet;
			};
			name = Release;
		};
/* End XCBuildConfiguration section */

/* Begin XCConfigurationList section */
		6BECC6B2287892EB00385497 /* Build configuration list for PBXProject "MemesWallet" */ = {
			isa = XCConfigurationList;
			buildConfigurations = (
				6BECC6D9287892EC00385497 /* Debug */,
				6BECC6DA287892EC00385497 /* Release */,
			);
			defaultConfigurationIsVisible = 0;
			defaultConfigurationName = Release;
		};
		6BECC6DB287892EC00385497 /* Build configuration list for PBXNativeTarget "MemesWallet" */ = {
			isa = XCConfigurationList;
			buildConfigurations = (
				6BECC6DC287892EC00385497 /* Debug */,
				6BECC6DD287892EC00385497 /* Release */,
			);
			defaultConfigurationIsVisible = 0;
			defaultConfigurationName = Release;
		};
		6BECC6DE287892EC00385497 /* Build configuration list for PBXNativeTarget "MemesWalletTests" */ = {
			isa = XCConfigurationList;
			buildConfigurations = (
				6BECC6DF287892EC00385497 /* Debug */,
				6BECC6E0287892EC00385497 /* Release */,
			);
			defaultConfigurationIsVisible = 0;
			defaultConfigurationName = Release;
		};
		6BECC6E1287892EC00385497 /* Build configuration list for PBXNativeTarget "MemesWalletUITests" */ = {
			isa = XCConfigurationList;
			buildConfigurations = (
				6BECC6E2287892EC00385497 /* Debug */,
				6BECC6E3287892EC00385497 /* Release */,
			);
			defaultConfigurationIsVisible = 0;
			defaultConfigurationName = Release;
		};
/* End XCConfigurationList section */
	};
	rootObject = 6BECC6AF287892EB00385497 /* Project object */;
}
